
Microsoft Visual Studio Solution File, Format Version 12.00
# Visual Studio Version 17
VisualStudioVersion = 17.7.34024.191
MinimumVisualStudioVersion = 10.0.40219.1
Project("{FAE04EC0-301F-11D3-BF4B-00C04F79EFBC}") = "Catalogue", "Catalogue\Catalogue.csproj", "{B40B4063-916B-4E72-9E2C-142216C6502F}"
EndProject
Global
	GlobalSection(SolutionConfigurationPlatforms) = preSolution
		Debug|Any CPU = Debug|Any CPU
		Release|Any CPU = Release|Any CPU
	EndGlobalSection
	GlobalSection(ProjectConfigurationPlatforms) = postSolution
		{B40B4063-916B-4E72-9E2C-142216C6502F}.Debug|Any CPU.ActiveCfg = Debug|Any CPU
		{B40B4063-916B-4E72-9E2C-142216C6502F}.Debug|Any CPU.Build.0 = Debug|Any CPU
		{B40B4063-916B-4E72-9E2C-142216C6502F}.Release|Any CPU.ActiveCfg = Release|Any CPU
		{B40B4063-916B-4E72-9E2C-142216C6502F}.Release|Any CPU.Build.0 = Release|Any CPU
	EndGlobalSection
	GlobalSection(SolutionProperties) = preSolution
		HideSolutionNode = FALSE
	EndGlobalSection
	GlobalSection(ExtensibilityGlobals) = postSolution
		SolutionGuid = {C0803115-C040-4DD8-BD63-353A4EFAD46C}
	EndGlobalSection
EndGlobal
